
Microsoft Visual Studio Solution File, Format Version 12.00
# Visual Studio Version 17
VisualStudioVersion = 17.4.33213.308
MinimumVisualStudioVersion = 10.0.40219.1
Project("{FAE04EC0-301F-11D3-BF4B-00C04F79EFBC}") = "Xampp_Test2", "Xampp_Test2.csproj", "{1BC6B90A-71B4-4DF1-B9A3-FAC73F9DAE36}"
EndProject
Global
	GlobalSection(SolutionConfigurationPlatforms) = preSolution
		Debug|Any CPU = Debug|Any CPU
		Release|Any CPU = Release|Any CPU
	EndGlobalSection
	GlobalSection(ProjectConfigurationPlatforms) = postSolution
		{1BC6B90A-71B4-4DF1-B9A3-FAC73F9DAE36}.Debug|Any CPU.ActiveCfg = Debug|Any CPU
		{1BC6B90A-71B4-4DF1-B9A3-FAC73F9DAE36}.Debug|Any CPU.Build.0 = Debug|Any CPU
		{1BC6B90A-71B4-4DF1-B9A3-FAC73F9DAE36}.Release|Any CPU.ActiveCfg = Release|Any CPU
		{1BC6B90A-71B4-4DF1-B9A3-FAC73F9DAE36}.Release|Any CPU.Build.0 = Release|Any CPU
	EndGlobalSection
	GlobalSection(SolutionProperties) = preSolution
		HideSolutionNode = FALSE
	EndGlobalSection
	GlobalSection(ExtensibilityGlobals) = postSolution
		SolutionGuid = {2609DE04-D755-47F8-AD20-543FA88FCF93}
	EndGlobalSection
EndGlobal
